
Microsoft Visual Studio Solution File, Format Version 12.00
# Visual Studio Version 17
VisualStudioVersion = 17.7.34018.315
MinimumVisualStudioVersion = 10.0.40219.1
Project("{FAE04EC0-301F-11D3-BF4B-00C04F79EFBC}") = "WpfJson", "WpfJson.csproj", "{9C871F39-B158-4BA9-AEB4-FC6D7752B516}"
EndProject
Global
	GlobalSection(SolutionConfigurationPlatforms) = preSolution
		Debug|Any CPU = Debug|Any CPU
		Release|Any CPU = Release|Any CPU
	EndGlobalSection
	GlobalSection(ProjectConfigurationPlatforms) = postSolution
		{9C871F39-B158-4BA9-AEB4-FC6D7752B516}.Debug|Any CPU.ActiveCfg = Debug|Any CPU
		{9C871F39-B158-4BA9-AEB4-FC6D7752B516}.Debug|Any CPU.Build.0 = Debug|Any CPU
		{9C871F39-B158-4BA9-AEB4-FC6D7752B516}.Release|Any CPU.ActiveCfg = Release|Any CPU
		{9C871F39-B158-4BA9-AEB4-FC6D7752B516}.Release|Any CPU.Build.0 = Release|Any CPU
	EndGlobalSection
	GlobalSection(SolutionProperties) = preSolution
		HideSolutionNode = FALSE
	EndGlobalSection
	GlobalSection(ExtensibilityGlobals) = postSolution
		SolutionGuid = {E6177F4D-2CFD-4309-BC5F-6AABCAD294DC}
	EndGlobalSection
EndGlobal
